
Microsoft Visual Studio Solution File, Format Version 12.00
# Visual Studio Version 16
VisualStudioVersion = 16.0.31402.337
MinimumVisualStudioVersion = 10.0.40219.1
Project("{F184B08F-C81C-45F6-A57F-5ABD9991F28F}") = "MP", "MP.vbproj", "{2D0E1237-6F05-400D-8749-C80B6CC73B32}"
EndProject
Global
	GlobalSection(SolutionConfigurationPlatforms) = preSolution
		Debug|Any CPU = Debug|Any CPU
		Release|Any CPU = Release|Any CPU
	EndGlobalSection
	GlobalSection(ProjectConfigurationPlatforms) = postSolution
		{2D0E1237-6F05-400D-8749-C80B6CC73B32}.Debug|Any CPU.ActiveCfg = Debug|Any CPU
		{2D0E1237-6F05-400D-8749-C80B6CC73B32}.Debug|Any CPU.Build.0 = Debug|Any CPU
		{2D0E1237-6F05-400D-8749-C80B6CC73B32}.Release|Any CPU.ActiveCfg = Release|Any CPU
		{2D0E1237-6F05-400D-8749-C80B6CC73B32}.Release|Any CPU.Build.0 = Release|Any CPU
	EndGlobalSection
	GlobalSection(SolutionProperties) = preSolution
		HideSolutionNode = FALSE
	EndGlobalSection
	GlobalSection(ExtensibilityGlobals) = postSolution
		SolutionGuid = {8DFB655D-7FB3-4175-8DAA-31C7DCD6E1AF}
	EndGlobalSection
	GlobalSection(TeamFoundationVersionControl) = preSolution
		SccNumberOfProjects = 2
		SccEnterpriseProvider = {4CA58AB2-18FA-4F8D-95D4-32DDF27D184C}
		SccTeamFoundationServer = https://dev.azure.com/trial2020
		SccLocalPath0 = .
		SccProjectUniqueName1 = MP.vbproj
		SccLocalPath1 = .
	EndGlobalSection
EndGlobal
